// !$*UTF8*$!
{
	archiveVersion = 1;
	classes = {
	};
	objectVersion = 56;
	objects = {

/* Begin PBXBuildFile section */
		F54531D629E4C0250073242E /* AppDelegate.swift in Sources */ = {isa = PBXBuildFile; fileRef = F54531D529E4C0250073242E /* AppDelegate.swift */; };
		F54531D829E4C0250073242E /* SceneDelegate.swift in Sources */ = {isa = PBXBuildFile; fileRef = F54531D729E4C0250073242E /* SceneDelegate.swift */; };
		F54531DA29E4C0250073242E /* ViewController.swift in Sources */ = {isa = PBXBuildFile; fileRef = F54531D929E4C0250073242E /* ViewController.swift */; };
		F54531DD29E4C0250073242E /* Main.storyboard in Resources */ = {isa = PBXBuildFile; fileRef = F54531DB29E4C0250073242E /* Main.storyboard */; };
		F54531DF29E4C0260073242E /* Assets.xcassets in Resources */ = {isa = PBXBuildFile; fileRef = F54531DE29E4C0260073242E /* Assets.xcassets */; };
		F54531E229E4C0260073242E /* LaunchScreen.storyboard in Resources */ = {isa = PBXBuildFile; fileRef = F54531E029E4C0260073242E /* LaunchScreen.storyboard */; };
		F54531ED29E4C0260073242E /* Lab4Login_GomezTests.swift in Sources */ = {isa = PBXBuildFile; fileRef = F54531EC29E4C0260073242E /* Lab4Login_GomezTests.swift */; };
		F54531F729E4C0260073242E /* Lab4Login_GomezUITests.swift in Sources */ = {isa = PBXBuildFile; fileRef = F54531F629E4C0260073242E /* Lab4Login_GomezUITests.swift */; };
		F54531F929E4C0260073242E /* Lab4Login_GomezUITestsLaunchTests.swift in Sources */ = {isa = PBXBuildFile; fileRef = F54531F829E4C0260073242E /* Lab4Login_GomezUITestsLaunchTests.swift */; };
/* End PBXBuildFile section */

/* Begin PBXContainerItemProxy section */
		F54531E929E4C0260073242E /* PBXContainerItemProxy */ = {
			isa = PBXContainerItemProxy;
			containerPortal = F54531CA29E4C0250073242E /* Project object */;
			proxyType = 1;
			remoteGlobalIDString = F54531D129E4C0250073242E;
			remoteInfo = Lab4Login_Gomez;
		};
		F54531F329E4C0260073242E /* PBXContainerItemProxy */ = {
			isa = PBXContainerItemProxy;
			containerPortal = F54531CA29E4C0250073242E /* Project object */;
			proxyType = 1;
			remoteGlobalIDString = F54531D129E4C0250073242E;
			remoteInfo = Lab4Login_Gomez;
		};
/* End PBXContainerItemProxy section */

/* Begin PBXFileReference section */
		F54531D229E4C0250073242E /* Lab4Login_Gomez.app */ = {isa = PBXFileReference; explicitFileType = wrapper.application; includeInIndex = 0; path = Lab4Login_Gomez.app; sourceTree = BUILT_PRODUCTS_DIR; };
		F54531D529E4C0250073242E /* AppDelegate.swift */ = {isa = PBXFileReference; lastKnownFileType = sourcecode.swift; path = AppDelegate.swift; sourceTree = "<group>"; };
		F54531D729E4C0250073242E /* SceneDelegate.swift */ = {isa = PBXFileReference; lastKnownFileType = sourcecode.swift; path = SceneDelegate.swift; sourceTree = "<group>"; };
		F54531D929E4C0250073242E /* ViewController.swift */ = {isa = PBXFileReference; lastKnownFileType = sourcecode.swift; path = ViewController.swift; sourceTree = "<group>"; };
		F54531DC29E4C0250073242E /* Base */ = {isa = PBXFileReference; lastKnownFileType = file.storyboard; name = Base; path = Base.lproj/Main.storyboard; sourceTree = "<group>"; };
		F54531DE29E4C0260073242E /* Assets.xcassets */ = {isa = PBXFileReference; lastKnownFileType = folder.assetcatalog; path = Assets.xcassets; sourceTree = "<group>"; };
		F54531E129E4C0260073242E /* Base */ = {isa = PBXFileReference; lastKnownFileType = file.storyboard; name = Base; path = Base.lproj/LaunchScreen.storyboard; sourceTree = "<group>"; };
		F54531E329E4C0260073242E /* Info.plist */ = {isa = PBXFileReference; lastKnownFileType = text.plist.xml; path = Info.plist; sourceTree = "<group>"; };
		F54531E829E4C0260073242E /* Lab4Login_GomezTests.xctest */ = {isa = PBXFileReference; explicitFileType = wrapper.cfbundle; includeInIndex = 0; path = Lab4Login_GomezTests.xctest; sourceTree = BUILT_PRODUCTS_DIR; };
		F54531EC29E4C0260073242E /* Lab4Login_GomezTests.swift */ = {isa = PBXFileReference; lastKnownFileType = sourcecode.swift; path = Lab4Login_GomezTests.swift; sourceTree = "<group>"; };
		F54531F229E4C0260073242E /* Lab4Login_GomezUITests.xctest */ = {isa = PBXFileReference; explicitFileType = wrapper.cfbundle; includeInIndex = 0; path = Lab4Login_GomezUITests.xctest; sourceTree = BUILT_PRODUCTS_DIR; };
		F54531F629E4C0260073242E /* Lab4Login_GomezUITests.swift */ = {isa = PBXFileReference; lastKnownFileType = sourcecode.swift; path = Lab4Login_GomezUITests.swift; sourceTree = "<group>"; };
		F54531F829E4C0260073242E /* Lab4Login_GomezUITestsLaunchTests.swift */ = {isa = PBXFileReference; lastKnownFileType = sourcecode.swift; path = Lab4Login_GomezUITestsLaunchTests.swift; sourceTree = "<group>"; };
/* End PBXFileReference section */

/* Begin PBXFrameworksBuildPhase section */
		F54531CF29E4C0250073242E /* Frameworks */ = {
			isa = PBXFrameworksBuildPhase;
			buildActionMask = 2147483647;
			files = (
			);
			runOnlyForDeploymentPostprocessing = 0;
		};
		F54531E529E4C0260073242E /* Frameworks */ = {
			isa = PBXFrameworksBuildPhase;
			buildActionMask = 2147483647;
			files = (
			);
			runOnlyForDeploymentPostprocessing = 0;
		};
		F54531EF29E4C0260073242E /* Frameworks */ = {
			isa = PBXFrameworksBuildPhase;
			buildActionMask = 2147483647;
			files = (
			);
			runOnlyForDeploymentPostprocessing = 0;
		};
/* End PBXFrameworksBuildPhase section */

/* Begin PBXGroup section */
		F54531C929E4C0250073242E = {
			isa = PBXGroup;
			children = (
				F54531D429E4C0250073242E /* Lab4Login_Gomez */,
				F54531EB29E4C0260073242E /* Lab4Login_GomezTests */,
				F54531F529E4C0260073242E /* Lab4Login_GomezUITests */,
				F54531D329E4C0250073242E /* Products */,
			);
			sourceTree = "<group>";
		};
		F54531D329E4C0250073242E /* Products */ = {
			isa = PBXGroup;
			children = (
				F54531D229E4C0250073242E /* Lab4Login_Gomez.app */,
				F54531E829E4C0260073242E /* Lab4Login_GomezTests.xctest */,
				F54531F229E4C0260073242E /* Lab4Login_GomezUITests.xctest */,
			);
			name = Products;
			sourceTree = "<group>";
		};
		F54531D429E4C0250073242E /* Lab4Login_Gomez */ = {
			isa = PBXGroup;
			children = (
				F54531D529E4C0250073242E /* AppDelegate.swift */,
				F54531D729E4C0250073242E /* SceneDelegate.swift */,
				F54531D929E4C0250073242E /* ViewController.swift */,
				F54531DB29E4C0250073242E /* Main.storyboard */,
				F54531DE29E4C0260073242E /* Assets.xcassets */,
				F54531E029E4C0260073242E /* LaunchScreen.storyboard */,
				F54531E329E4C0260073242E /* Info.plist */,
			);
			path = Lab4Login_Gomez;
			sourceTree = "<group>";
		};
		F54531EB29E4C0260073242E /* Lab4Login_GomezTests */ = {
			isa = PBXGroup;
			children = (
				F54531EC29E4C0260073242E /* Lab4Login_GomezTests.swift */,
			);
			path = Lab4Login_GomezTests;
			sourceTree = "<group>";
		};
		F54531F529E4C0260073242E /* Lab4Login_GomezUITests */ = {
			isa = PBXGroup;
			children = (
				F54531F629E4C0260073242E /* Lab4Login_GomezUITests.swift */,
				F54531F829E4C0260073242E /* Lab4Login_GomezUITestsLaunchTests.swift */,
			);
			path = Lab4Login_GomezUITests;
			sourceTree = "<group>";
		};
/* End PBXGroup section */

/* Begin PBXNativeTarget section */
		F54531D129E4C0250073242E /* Lab4Login_Gomez */ = {
			isa = PBXNativeTarget;
			buildConfigurationList = F54531FC29E4C0260073242E /* Build configuration list for PBXNativeTarget "Lab4Login_Gomez" */;
			buildPhases = (
				F54531CE29E4C0250073242E /* Sources */,
				F54531CF29E4C0250073242E /* Frameworks */,
				F54531D029E4C0250073242E /* Resources */,
			);
			buildRules = (
			);
			dependencies = (
			);
			name = Lab4Login_Gomez;
			productName = Lab4Login_Gomez;
			productReference = F54531D229E4C0250073242E /* Lab4Login_Gomez.app */;
			productType = "com.apple.product-type.application";
		};
		F54531E729E4C0260073242E /* Lab4Login_GomezTests */ = {
			isa = PBXNativeTarget;
			buildConfigurationList = F54531FF29E4C0260073242E /* Build configuration list for PBXNativeTarget "Lab4Login_GomezTests" */;
			buildPhases = (
				F54531E429E4C0260073242E /* Sources */,
				F54531E529E4C0260073242E /* Frameworks */,
				F54531E629E4C0260073242E /* Resources */,
			);
			buildRules = (
			);
			dependencies = (
				F54531EA29E4C0260073242E /* PBXTargetDependency */,
			);
			name = Lab4Login_GomezTests;
			productName = Lab4Login_GomezTests;
			productReference = F54531E829E4C0260073242E /* Lab4Login_GomezTests.xctest */;
			productType = "com.apple.product-type.bundle.unit-test";
		};
		F54531F129E4C0260073242E /* Lab4Login_GomezUITests */ = {
			isa = PBXNativeTarget;
			buildConfigurationList = F545320229E4C0260073242E /* Build configuration list for PBXNativeTarget "Lab4Login_GomezUITests" */;
			buildPhases = (
				F54531EE29E4C0260073242E /* Sources */,
				F54531EF29E4C0260073242E /* Frameworks */,
				F54531F029E4C0260073242E /* Resources */,
			);
			buildRules = (
			);
			dependencies = (
				F54531F429E4C0260073242E /* PBXTargetDependency */,
			);
			name = Lab4Login_GomezUITests;
			productName = Lab4Login_GomezUITests;
			productReference = F54531F229E4C0260073242E /* Lab4Login_GomezUITests.xctest */;
			productType = "com.apple.product-type.bundle.ui-testing";
		};
/* End PBXNativeTarget section */

/* Begin PBXProject section */
		F54531CA29E4C0250073242E /* Project object */ = {
			isa = PBXProject;
			attributes = {
				BuildIndependentTargetsInParallel = 1;
				LastSwiftUpdateCheck = 1430;
				LastUpgradeCheck = 1430;
				ORGANIZATIONNAME = "Byron Gomez Jr";
				TargetAttributes = {
					F54531D129E4C0250073242E = {
						CreatedOnToolsVersion = 14.3;
					};
					F54531E729E4C0260073242E = {
						CreatedOnToolsVersion = 14.3;
						TestTargetID = F54531D129E4C0250073242E;
					};
					F54531F129E4C0260073242E = {
						CreatedOnToolsVersion = 14.3;
						TestTargetID = F54531D129E4C0250073242E;
					};
				};
			};
			buildConfigurationList = F54531CD29E4C0250073242E /* Build configuration list for PBXProject "Lab4Login_Gomez" */;
			compatibilityVersion = "Xcode 14.0";
			developmentRegion = en;
			hasScannedForEncodings = 0;
			knownRegions = (
				en,
				Base,
			);
			mainGroup = F54531C929E4C0250073242E;
			productRefGroup = F54531D329E4C0250073242E /* Products */;
			projectDirPath = "";
			projectRoot = "";
			targets = (
				F54531D129E4C0250073242E /* Lab4Login_Gomez */,
				F54531E729E4C0260073242E /* Lab4Login_GomezTests */,
				F54531F129E4C0260073242E /* Lab4Login_GomezUITests */,
			);
		};
/* End PBXProject section */

/* Begin PBXResourcesBuildPhase section */
		F54531D029E4C0250073242E /* Resources */ = {
			isa = PBXResourcesBuildPhase;
			buildActionMask = 2147483647;
			files = (
				F54531E229E4C0260073242E /* LaunchScreen.storyboard in Resources */,
				F54531DF29E4C0260073242E /* Assets.xcassets in Resources */,
				F54531DD29E4C0250073242E /* Main.storyboard in Resources */,
			);
			runOnlyForDeploymentPostprocessing = 0;
		};
		F54531E629E4C0260073242E /* Resources */ = {
			isa = PBXResourcesBuildPhase;
			buildActionMask = 2147483647;
			files = (
			);
			runOnlyForDeploymentPostprocessing = 0;
		};
		F54531F029E4C0260073242E /* Resources */ = {
			isa = PBXResourcesBuildPhase;
			buildActionMask = 2147483647;
			files = (
			);
			runOnlyForDeploymentPostprocessing = 0;
		};
/* End PBXResourcesBuildPhase section */

/* Begin PBXSourcesBuildPhase section */
		F54531CE29E4C0250073242E /* Sources */ = {
			isa = PBXSourcesBuildPhase;
			buildActionMask = 2147483647;
			files = (
				F54531DA29E4C0250073242E /* ViewController.swift in Sources */,
				F54531D629E4C0250073242E /* AppDelegate.swift in Sources */,
				F54531D829E4C0250073242E /* SceneDelegate.swift in Sources */,
			);
			runOnlyForDeploymentPostprocessing = 0;
		};
		F54531E429E4C0260073242E /* Sources */ = {
			isa = PBXSourcesBuildPhase;
			buildActionMask = 2147483647;
			files = (
				F54531ED29E4C0260073242E /* Lab4Login_GomezTests.swift in Sources */,
			);
			runOnlyForDeploymentPostprocessing = 0;
		};
		F54531EE29E4C0260073242E /* Sources */ = {
			isa = PBXSourcesBuildPhase;
			buildActionMask = 2147483647;
			files = (
				F54531F929E4C0260073242E /* Lab4Login_GomezUITestsLaunchTests.swift in Sources */,
				F54531F729E4C0260073242E /* Lab4Login_GomezUITests.swift in Sources */,
			);
			runOnlyForDeploymentPostprocessing = 0;
		};
/* End PBXSourcesBuildPhase section */

/* Begin PBXTargetDependency section */
		F54531EA29E4C0260073242E /* PBXTargetDependency */ = {
			isa = PBXTargetDependency;
			target = F54531D129E4C0250073242E /* Lab4Login_Gomez */;
			targetProxy = F54531E929E4C0260073242E /* PBXContainerItemProxy */;
		};
		F54531F429E4C0260073242E /* PBXTargetDependency */ = {
			isa = PBXTargetDependency;
			target = F54531D129E4C0250073242E /* Lab4Login_Gomez */;
			targetProxy = F54531F329E4C0260073242E /* PBXContainerItemProxy */;
		};
/* End PBXTargetDependency section */

/* Begin PBXVariantGroup section */
		F54531DB29E4C0250073242E /* Main.storyboard */ = {
			isa = PBXVariantGroup;
			children = (
				F54531DC29E4C0250073242E /* Base */,
			);
			name = Main.storyboard;
			sourceTree = "<group>";
		};
		F54531E029E4C0260073242E /* LaunchScreen.storyboard */ = {
			isa = PBXVariantGroup;
			children = (
				F54531E129E4C0260073242E /* Base */,
			);
			name = LaunchScreen.storyboard;
			sourceTree = "<group>";
		};
/* End PBXVariantGroup section */

/* Begin XCBuildConfiguration section */
		F54531FA29E4C0260073242E /* Debug */ = {
			isa = XCBuildConfiguration;
			buildSettings = {
				ALWAYS_SEARCH_USER_PATHS = NO;
				CLANG_ANALYZER_NONNULL = YES;
				CLANG_ANALYZER_NUMBER_OBJECT_CONVERSION = YES_AGGRESSIVE;
				CLANG_CXX_LANGUAGE_STANDARD = "gnu++20";
				CLANG_ENABLE_MODULES = YES;
				CLANG_ENABLE_OBJC_ARC = YES;
				CLANG_ENABLE_OBJC_WEAK = YES;
				CLANG_WARN_BLOCK_CAPTURE_AUTORELEASING = YES;
				CLANG_WARN_BOOL_CONVERSION = YES;
				CLANG_WARN_COMMA = YES;
				CLANG_WARN_CONSTANT_CONVERSION = YES;
				CLANG_WARN_DEPRECATED_OBJC_IMPLEMENTATIONS = YES;
				CLANG_WARN_DIRECT_OBJC_ISA_USAGE = YES_ERROR;
				CLANG_WARN_DOCUMENTATION_COMMENTS = YES;
				CLANG_WARN_EMPTY_BODY = YES;
				CLANG_WARN_ENUM_CONVERSION = YES;
				CLANG_WARN_INFINITE_RECURSION = YES;
				CLANG_WARN_INT_CONVERSION = YES;
				CLANG_WARN_NON_LITERAL_NULL_CONVERSION = YES;
				CLANG_WARN_OBJC_IMPLICIT_RETAIN_SELF = YES;
				CLANG_WARN_OBJC_LITERAL_CONVERSION = YES;
				CLANG_WARN_OBJC_ROOT_CLASS = YES_ERROR;
				CLANG_WARN_QUOTED_INCLUDE_IN_FRAMEWORK_HEADER = YES;
				CLANG_WARN_RANGE_LOOP_ANALYSIS = YES;
				CLANG_WARN_STRICT_PROTOTYPES = YES;
				CLANG_WARN_SUSPICIOUS_MOVE = YES;
				CLANG_WARN_UNGUARDED_AVAILABILITY = YES_AGGRESSIVE;
				CLANG_WARN_UNREACHABLE_CODE = YES;
				CLANG_WARN__DUPLICATE_METHOD_MATCH = YES;
				COPY_PHASE_STRIP = NO;
				DEBUG_INFORMATION_FORMAT = dwarf;
				ENABLE_STRICT_OBJC_MSGSEND = YES;
				ENABLE_TESTABILITY = YES;
				GCC_C_LANGUAGE_STANDARD = gnu11;
				GCC_DYNAMIC_NO_PIC = NO;
				GCC_NO_COMMON_BLOCKS = YES;
				GCC_OPTIMIZATION_LEVEL = 0;
				GCC_PREPROCESSOR_DEFINITIONS = (
					"DEBUG=1",
					"$(inherited)",
				);
				GCC_WARN_64_TO_32_BIT_CONVERSION = YES;
				GCC_WARN_ABOUT_RETURN_TYPE = YES_ERROR;
				GCC_WARN_UNDECLARED_SELECTOR = YES;
				GCC_WARN_UNINITIALIZED_AUTOS = YES_AGGRESSIVE;
				GCC_WARN_UNUSED_FUNCTION = YES;
				GCC_WARN_UNUSED_VARIABLE = YES;
				IPHONEOS_DEPLOYMENT_TARGET = 16.4;
				MTL_ENABLE_DEBUG_INFO = INCLUDE_SOURCE;
				MTL_FAST_MATH = YES;
				ONLY_ACTIVE_ARCH = YES;
				SDKROOT = iphoneos;
				SWIFT_ACTIVE_COMPILATION_CONDITIONS = DEBUG;
				SWIFT_OPTIMIZATION_LEVEL = "-Onone";
			};
			name = Debug;
		};
		F54531FB29E4C0260073242E /* Release */ = {
			isa = XCBuildConfiguration;
			buildSettings = {
				ALWAYS_SEARCH_USER_PATHS = NO;
				CLANG_ANALYZER_NONNULL = YES;
				CLANG_ANALYZER_NUMBER_OBJECT_CONVERSION = YES_AGGRESSIVE;
				CLANG_CXX_LANGUAGE_STANDARD = "gnu++20";
				CLANG_ENABLE_MODULES = YES;
				CLANG_ENABLE_OBJC_ARC = YES;
				CLANG_ENABLE_OBJC_WEAK = YES;
				CLANG_WARN_BLOCK_CAPTURE_AUTORELEASING = YES;
				CLANG_WARN_BOOL_CONVERSION = YES;
				CLANG_WARN_COMMA = YES;
				CLANG_WARN_CONSTANT_CONVERSION = YES;
				CLANG_WARN_DEPRECATED_OBJC_IMPLEMENTATIONS = YES;
				CLANG_WARN_DIRECT_OBJC_ISA_USAGE = YES_ERROR;
				CLANG_WARN_DOCUMENTATION_COMMENTS = YES;
				CLANG_WARN_EMPTY_BODY = YES;
				CLANG_WARN_ENUM_CONVERSION = YES;
				CLANG_WARN_INFINITE_RECURSION = YES;
				CLANG_WARN_INT_CONVERSION = YES;
				CLANG_WARN_NON_LITERAL_NULL_CONVERSION = YES;
				CLANG_WARN_OBJC_IMPLICIT_RETAIN_SELF = YES;
				CLANG_WARN_OBJC_LITERAL_CONVERSION = YES;
				CLANG_WARN_OBJC_ROOT_CLASS = YES_ERROR;
				CLANG_WARN_QUOTED_INCLUDE_IN_FRAMEWORK_HEADER = YES;
				CLANG_WARN_RANGE_LOOP_ANALYSIS = YES;
				CLANG_WARN_STRICT_PROTOTYPES = YES;
				CLANG_WARN_SUSPICIOUS_MOVE = YES;
				CLANG_WARN_UNGUARDED_AVAILABILITY = YES_AGGRESSIVE;
				CLANG_WARN_UNREACHABLE_CODE = YES;
				CLANG_WARN__DUPLICATE_METHOD_MATCH = YES;
				COPY_PHASE_STRIP = NO;
				DEBUG_INFORMATION_FORMAT = "dwarf-with-dsym";
				ENABLE_NS_ASSERTIONS = NO;
				ENABLE_STRICT_OBJC_MSGSEND = YES;
				GCC_C_LANGUAGE_STANDARD = gnu11;
				GCC_NO_COMMON_BLOCKS = YES;
				GCC_WARN_64_TO_32_BIT_CONVERSION = YES;
				GCC_WARN_ABOUT_RETURN_TYPE = YES_ERROR;
				GCC_WARN_UNDECLARED_SELECTOR = YES;
				GCC_WARN_UNINITIALIZED_AUTOS = YES_AGGRESSIVE;
				GCC_WARN_UNUSED_FUNCTION = YES;
				GCC_WARN_UNUSED_VARIABLE = YES;
				IPHONEOS_DEPLOYMENT_TARGET = 16.4;
				MTL_ENABLE_DEBUG_INFO = NO;
				MTL_FAST_MATH = YES;
				SDKROOT = iphoneos;
				SWIFT_COMPILATION_MODE = wholemodule;
				SWIFT_OPTIMIZATION_LEVEL = "-O";
				VALIDATE_PRODUCT = YES;
			};
			name = Release;
		};
		F54531FD29E4C0260073242E /* Debug */ = {
			isa = XCBuildConfiguration;
			buildSettings = {
				ASSETCATALOG_COMPILER_APPICON_NAME = AppIcon;
				ASSETCATALOG_COMPILER_GLOBAL_ACCENT_COLOR_NAME = AccentColor;
				CODE_SIGN_STYLE = Automatic;
				CURRENT_PROJECT_VERSION = 1;
				DEVELOPMENT_TEAM = SYH76T8D2F;
				GENERATE_INFOPLIST_FILE = YES;
				INFOPLIST_FILE = Lab4Login_Gomez/Info.plist;
				INFOPLIST_KEY_UIApplicationSupportsIndirectInputEvents = YES;
				INFOPLIST_KEY_UILaunchStoryboardName = LaunchScreen;
				INFOPLIST_KEY_UIMainStoryboardFile = Main;
				INFOPLIST_KEY_UISupportedInterfaceOrientations_iPad = "UIInterfaceOrientationPortrait UIInterfaceOrientationPortraitUpsideDown UIInterfaceOrientationLandscapeLeft UIInterfaceOrientationLandscapeRight";
				INFOPLIST_KEY_UISupportedInterfaceOrientations_iPhone = "UIInterfaceOrientationPortrait UIInterfaceOrientationLandscapeLeft UIInterfaceOrientationLandscapeRight";
				LD_RUNPATH_SEARCH_PATHS = (
					"$(inherited)",
					"@executable_path/Frameworks",
				);
				MARKETING_VERSION = 1.0;
				PRODUCT_BUNDLE_IDENTIFIER = "com.byrongomezjr.Lab4Login-Gomez";
				PRODUCT_NAME = "$(TARGET_NAME)";
				SWIFT_EMIT_LOC_STRINGS = YES;
				SWIFT_VERSION = 5.0;
				TARGETED_DEVICE_FAMILY = "1,2";
			};
			name = Debug;
		};
		F54531FE29E4C0260073242E /* Release */ = {
			isa = XCBuildConfiguration;
			buildSettings = {
				ASSETCATALOG_COMPILER_APPICON_NAME = AppIcon;
				ASSETCATALOG_COMPILER_GLOBAL_ACCENT_COLOR_NAME = AccentColor;
				CODE_SIGN_STYLE = Automatic;
				CURRENT_PROJECT_VERSION = 1;
				DEVELOPMENT_TEAM = SYH76T8D2F;
				GENERATE_INFOPLIST_FILE = YES;
				INFOPLIST_FILE = Lab4Login_Gomez/Info.plist;
				INFOPLIST_KEY_UIApplicationSupportsIndirectInputEvents = YES;
				INFOPLIST_KEY_UILaunchStoryboardName = LaunchScreen;
				INFOPLIST_KEY_UIMainStoryboardFile = Main;
				INFOPLIST_KEY_UISupportedInterfaceOrientations_iPad = "UIInterfaceOrientationPortrait UIInterfaceOrientationPortraitUpsideDown UIInterfaceOrientationLandscapeLeft UIInterfaceOrientationLandscapeRight";
				INFOPLIST_KEY_UISupportedInterfaceOrientations_iPhone = "UIInterfaceOrientationPortrait UIInterfaceOrientationLandscapeLeft UIInterfaceOrientationLandscapeRight";
				LD_RUNPATH_SEARCH_PATHS = (
					"$(inherited)",
					"@executable_path/Frameworks",
				);
				MARKETING_VERSION = 1.0;
				PRODUCT_BUNDLE_IDENTIFIER = "com.byrongomezjr.Lab4Login-Gomez";
				PRODUCT_NAME = "$(TARGET_NAME)";
				SWIFT_EMIT_LOC_STRINGS = YES;
				SWIFT_VERSION = 5.0;
				TARGETED_DEVICE_FAMILY = "1,2";
			};
			name = Release;
		};
		F545320029E4C0260073242E /* Debug */ = {
			isa = XCBuildConfiguration;
			buildSettings = {
				ALWAYS_EMBED_SWIFT_STANDARD_LIBRARIES = YES;
				BUNDLE_LOADER = "$(TEST_HOST)";
				CODE_SIGN_STYLE = Automatic;
				CURRENT_PROJECT_VERSION = 1;
				DEVELOPMENT_TEAM = SYH76T8D2F;
				GENERATE_INFOPLIST_FILE = YES;
				IPHONEOS_DEPLOYMENT_TARGET = 16.4;
				MARKETING_VERSION = 1.0;
				PRODUCT_BUNDLE_IDENTIFIER = "com.byrongomezjr.Lab4Login-GomezTests";
				PRODUCT_NAME = "$(TARGET_NAME)";
				SWIFT_EMIT_LOC_STRINGS = NO;
				SWIFT_VERSION = 5.0;
				TARGETED_DEVICE_FAMILY = "1,2";
				TEST_HOST = "$(BUILT_PRODUCTS_DIR)/Lab4Login_Gomez.app/$(BUNDLE_EXECUTABLE_FOLDER_PATH)/Lab4Login_Gomez";
			};
			name = Debug;
		};
		F545320129E4C0260073242E /* Release */ = {
			isa = XCBuildConfiguration;
			buildSettings = {
				ALWAYS_EMBED_SWIFT_STANDARD_LIBRARIES = YES;
				BUNDLE_LOADER = "$(TEST_HOST)";
				CODE_SIGN_STYLE = Automatic;
				CURRENT_PROJECT_VERSION = 1;
				DEVELOPMENT_TEAM = SYH76T8D2F;
				GENERATE_INFOPLIST_FILE = YES;
				IPHONEOS_DEPLOYMENT_TARGET = 16.4;
				MARKETING_VERSION = 1.0;
				PRODUCT_BUNDLE_IDENTIFIER = "com.byrongomezjr.Lab4Login-GomezTests";
				PRODUCT_NAME = "$(TARGET_NAME)";
				SWIFT_EMIT_LOC_STRINGS = NO;
				SWIFT_VERSION = 5.0;
				TARGETED_DEVICE_FAMILY = "1,2";
				TEST_HOST = "$(BUILT_PRODUCTS_DIR)/Lab4Login_Gomez.app/$(BUNDLE_EXECUTABLE_FOLDER_PATH)/Lab4Login_Gomez";
			};
			name = Release;
		};
		F545320329E4C0260073242E /* Debug */ = {
			isa = XCBuildConfiguration;
			buildSettings = {
				ALWAYS_EMBED_SWIFT_STANDARD_LIBRARIES = YES;
				CODE_SIGN_STYLE = Automatic;
				CURRENT_PROJECT_VERSION = 1;
				DEVELOPMENT_TEAM = SYH76T8D2F;
				GENERATE_INFOPLIST_FILE = YES;
				MARKETING_VERSION = 1.0;
				PRODUCT_BUNDLE_IDENTIFIER = "com.byrongomezjr.Lab4Login-GomezUITests";
				PRODUCT_NAME = "$(TARGET_NAME)";
				SWIFT_EMIT_LOC_STRINGS = NO;
				SWIFT_VERSION = 5.0;
				TARGETED_DEVICE_FAMILY = "1,2";
				TEST_TARGET_NAME = Lab4Login_Gomez;
			};
			name = Debug;
		};
		F545320429E4C0260073242E /* Release */ = {
			isa = XCBuildConfiguration;
			buildSettings = {
				ALWAYS_EMBED_SWIFT_STANDARD_LIBRARIES = YES;
				CODE_SIGN_STYLE = Automatic;
				CURRENT_PROJECT_VERSION = 1;
				DEVELOPMENT_TEAM = SYH76T8D2F;
				GENERATE_INFOPLIST_FILE = YES;
				MARKETING_VERSION = 1.0;
				PRODUCT_BUNDLE_IDENTIFIER = "com.byrongomezjr.Lab4Login-GomezUITests";
				PRODUCT_NAME = "$(TARGET_NAME)";
				SWIFT_EMIT_LOC_STRINGS = NO;
				SWIFT_VERSION = 5.0;
				TARGETED_DEVICE_FAMILY = "1,2";
				TEST_TARGET_NAME = Lab4Login_Gomez;
			};
			name = Release;
		};
/* End XCBuildConfiguration section */

/* Begin XCConfigurationList section */
		F54531CD29E4C0250073242E /* Build configuration list for PBXProject "Lab4Login_Gomez" */ = {
			isa = XCConfigurationList;
			buildConfigurations = (
				F54531FA29E4C0260073242E /* Debug */,
				F54531FB29E4C0260073242E /* Release */,
			);
			defaultConfigurationIsVisible = 0;
			defaultConfigurationName = Release;
		};
		F54531FC29E4C0260073242E /* Build configuration list for PBXNativeTarget "Lab4Login_Gomez" */ = {
			isa = XCConfigurationList;
			buildConfigurations = (
				F54531FD29E4C0260073242E /* Debug */,
				F54531FE29E4C0260073242E /* Release */,
			);
			defaultConfigurationIsVisible = 0;
			defaultConfigurationName = Release;
		};
		F54531FF29E4C0260073242E /* Build configuration list for PBXNativeTarget "Lab4Login_GomezTests" */ = {
			isa = XCConfigurationList;
			buildConfigurations = (
				F545320029E4C0260073242E /* Debug */,
				F545320129E4C0260073242E /* Release */,
			);
			defaultConfigurationIsVisible = 0;
			defaultConfigurationName = Release;
		};
		F545320229E4C0260073242E /* Build configuration list for PBXNativeTarget "Lab4Login_GomezUITests" */ = {
			isa = XCConfigurationList;
			buildConfigurations = (
				F545320329E4C0260073242E /* Debug */,
				F545320429E4C0260073242E /* Release */,
			);
			defaultConfigurationIsVisible = 0;
			defaultConfigurationName = Release;
		};
/* End XCConfigurationList section */
	};
	rootObject = F54531CA29E4C0250073242E /* Project object */;
}
